<?xml version="1.0" encoding="utf-8"?>
<Project ToolsVersion="4.0" xmlns="http://schemas.microsoft.com/developer/msbuild/2003">
  <ItemGroup>
    <Filter Include="第六章">
      <UniqueIdentifier>{675eeedb-e899-47f1-8456-ada4976ffc5e}</UniqueIdentifier>
    </Filter>
    <Filter Include="项目">
      <UniqueIdentifier>{91c48cc2-effc-4e19-842f-22d5439b9124}</UniqueIdentifier>
    </Filter>
    <Filter Include="运算符的重载">
      <UniqueIdentifier>{2fede04b-826b-4ea1-b555-f898d451e84d}</UniqueIdentifier>
    </Filter>
    <Filter Include="运算符的重载\练习运算符的重载">
      <UniqueIdentifier>{98f3556b-63db-435c-9662-3570340bfd92}</UniqueIdentifier>
    </Filter>
  </ItemGroup>
  <ItemGroup>
    <ClCompile Include="6_11函数指针.cpp">
      <Filter>第六章</Filter>
    </ClCompile>
    <ClCompile Include="测试类的大小.cpp">
      <Filter>第六章</Filter>
    </ClCompile>
    <ClCompile Include="多态.cpp">
      <Filter>第六章</Filter>
    </ClCompile>
    <ClCompile Include="继承同名成员处理.cpp">
      <Filter>第六章</Filter>
    </ClCompile>
    <ClCompile Include="深拷贝与浅拷贝.cpp">
      <Filter>第六章</Filter>
    </ClCompile>
    <ClCompile Include="钻石继承.cpp">
      <Filter>第六章</Filter>
    </ClCompile>
    <ClCompile Include="calculator.cpp">
      <Filter>项目</Filter>
    </ClCompile>
    <ClCompile Include="电脑组装案例.cpp">
      <Filter>项目</Filter>
    </ClCompile>
    <ClCompile Include="+重载.cpp">
      <Filter>运算符的重载</Filter>
    </ClCompile>
    <ClCompile Include="左移运算符重载.cpp">
      <Filter>运算符的重载</Filter>
    </ClCompile>
    <ClCompile Include="1_加号运算符的重载.cpp">
      <Filter>运算符的重载\练习运算符的重载</Filter>
    </ClCompile>
  </ItemGroup>
</Project>