<?xml version="1.0" encoding="utf-8"?>
<Project ToolsVersion="4.0" xmlns="http://schemas.microsoft.com/developer/msbuild/2003">
  <ItemGroup>
    <Filter Include="第六章">
      <UniqueIdentifier>{675eeedb-e899-47f1-8456-ada4976ffc5e}</UniqueIdentifier>
    </Filter>
    <Filter Include="项目">
      <UniqueIdentifier>{91c48cc2-effc-4e19-842f-22d5439b9124}</UniqueIdentifier>
    </Filter>
    <Filter Include="运算符的重载">
      <UniqueIdentifier>{2fede04b-826b-4ea1-b555-f898d451e84d}</UniqueIdentifier>
    </Filter>
    <Filter Include="运算符的重载\练习">
      <UniqueIdentifier>{3977859c-f7c1-4cef-b60e-a9563b814e80}</UniqueIdentifier>
    </Filter>
    <Filter Include="运算符的重载\模板">
      <UniqueIdentifier>{39572bae-f05b-4ba0-91a9-52cc6b8d8407}</UniqueIdentifier>
    </Filter>
    <Filter Include="泛型编程">
      <UniqueIdentifier>{4a529103-6772-4f8c-9dac-4ee925321772}</UniqueIdentifier>
    </Filter>
  </ItemGroup>
  <ItemGroup>
    <ClCompile Include="6_11函数指针.cpp">
      <Filter>第六章</Filter>
    </ClCompile>
    <ClCompile Include="测试类的大小.cpp">
      <Filter>第六章</Filter>
    </ClCompile>
    <ClCompile Include="多态.cpp">
      <Filter>第六章</Filter>
    </ClCompile>
    <ClCompile Include="继承同名成员处理.cpp">
      <Filter>第六章</Filter>
    </ClCompile>
    <ClCompile Include="深拷贝与浅拷贝.cpp">
      <Filter>第六章</Filter>
    </ClCompile>
    <ClCompile Include="钻石继承.cpp">
      <Filter>第六章</Filter>
    </ClCompile>
    <ClCompile Include="calculator.cpp">
      <Filter>项目</Filter>
    </ClCompile>
    <ClCompile Include="电脑组装案例.cpp">
      <Filter>项目</Filter>
    </ClCompile>
    <ClCompile Include="1_加号运算符的重载.cpp">
      <Filter>运算符的重载\练习</Filter>
    </ClCompile>
    <ClCompile Include="1_左移运算符的重载.cpp">
      <Filter>运算符的重载\练习</Filter>
    </ClCompile>
    <ClCompile Include="1_练习递增运算符的重载.cpp">
      <Filter>运算符的重载\练习</Filter>
    </ClCompile>
    <ClCompile Include="01加号运算符重载.cpp">
      <Filter>运算符的重载\模板</Filter>
    </ClCompile>
    <ClCompile Include="02左移运算符的重载.cpp">
      <Filter>运算符的重载\模板</Filter>
    </ClCompile>
    <ClCompile Include="03递增运算符的重载.cpp">
      <Filter>运算符的重载\模板</Filter>
    </ClCompile>
    <ClCompile Include="04递减运算符的重载.cpp">
      <Filter>运算符的重载\模板</Filter>
    </ClCompile>
    <ClCompile Include="2_练习加号运算符的重载.cpp">
      <Filter>运算符的重载\练习</Filter>
    </ClCompile>
    <ClCompile Include="2_练习递增运算符的重载.cpp">
      <Filter>运算符的重载\练习</Filter>
    </ClCompile>
    <ClCompile Include="05等号运算符的重载.cpp">
      <Filter>运算符的重载\模板</Filter>
    </ClCompile>
    <ClCompile Include="1_练习赋值运算符的重载.cpp">
      <Filter>运算符的重载\练习</Filter>
    </ClCompile>
    <ClCompile Include="06重载关系运算符.cpp">
      <Filter>运算符的重载\模板</Filter>
    </ClCompile>
    <ClCompile Include="07函数调用运算符的重载.cpp">
      <Filter>运算符的重载\模板</Filter>
    </ClCompile>
    <ClCompile Include="01函数模板.cpp">
      <Filter>泛型编程</Filter>
    </ClCompile>
    <ClCompile Include="02函数模板案例封装一个排序函数.cpp">
      <Filter>泛型编程</Filter>
    </ClCompile>
  </ItemGroup>
</Project>